
Microsoft Visual Studio Solution File, Format Version 12.00
# Visual Studio Version 17
VisualStudioVersion = 17.6.33829.357
MinimumVisualStudioVersion = 10.0.40219.1
Project("{FAE04EC0-301F-11D3-BF4B-00C04F79EFBC}") = "01. Day of Week", "01. Day of Week\01. Day of Week.csproj", "{050CFF04-490E-4C2C-B9BF-56E0D374052B}"
EndProject
Project("{FAE04EC0-301F-11D3-BF4B-00C04F79EFBC}") = "02. Print Numbers in Reverse Order", "02. Print Numbers in Reverse Order\02. Print Numbers in Reverse Order.csproj", "{5C7C1A19-0C83-4FD5-8A2F-199C1EAD32A4}"
EndProject
Project("{FAE04EC0-301F-11D3-BF4B-00C04F79EFBC}") = "04. Reverse Array of Strings", "04. Reverse Array of Strings\04. Reverse Array of Strings.csproj", "{15E667A4-7D7A-4E56-937D-665C27C02A4C}"
EndProject
Project("{FAE04EC0-301F-11D3-BF4B-00C04F79EFBC}") = "05. Sum Even Numbers", "05. Sum Even Numbers\05. Sum Even Numbers.csproj", "{72277372-4479-42E8-A0D6-5F4D63A489D3}"
EndProject
Project("{FAE04EC0-301F-11D3-BF4B-00C04F79EFBC}") = "06. Even and Odd Subtraction", "06. Even and Odd Subtraction\06. Even and Odd Subtraction.csproj", "{98131B0A-3844-4DFD-8B02-21215C91BBE7}"
EndProject
Project("{FAE04EC0-301F-11D3-BF4B-00C04F79EFBC}") = "07. Equal Arrays", "07. Equal Arrays\07. Equal Arrays.csproj", "{BB087DF6-BC29-4B10-A321-C1C820530827}"
EndProject
Project("{FAE04EC0-301F-11D3-BF4B-00C04F79EFBC}") = "08. Condense Array to Number", "08. Condense Array to Number\08. Condense Array to Number.csproj", "{DC67E1B0-24C0-4E05-87D3-FCD30B6151EF}"
EndProject
Global
	GlobalSection(SolutionConfigurationPlatforms) = preSolution
		Debug|Any CPU = Debug|Any CPU
		Release|Any CPU = Release|Any CPU
	EndGlobalSection
	GlobalSection(ProjectConfigurationPlatforms) = postSolution
		{050CFF04-490E-4C2C-B9BF-56E0D374052B}.Debug|Any CPU.ActiveCfg = Debug|Any CPU
		{050CFF04-490E-4C2C-B9BF-56E0D374052B}.Debug|Any CPU.Build.0 = Debug|Any CPU
		{050CFF04-490E-4C2C-B9BF-56E0D374052B}.Release|Any CPU.ActiveCfg = Release|Any CPU
		{050CFF04-490E-4C2C-B9BF-56E0D374052B}.Release|Any CPU.Build.0 = Release|Any CPU
		{5C7C1A19-0C83-4FD5-8A2F-199C1EAD32A4}.Debug|Any CPU.ActiveCfg = Debug|Any CPU
		{5C7C1A19-0C83-4FD5-8A2F-199C1EAD32A4}.Debug|Any CPU.Build.0 = Debug|Any CPU
		{5C7C1A19-0C83-4FD5-8A2F-199C1EAD32A4}.Release|Any CPU.ActiveCfg = Release|Any CPU
		{5C7C1A19-0C83-4FD5-8A2F-199C1EAD32A4}.Release|Any CPU.Build.0 = Release|Any CPU
		{15E667A4-7D7A-4E56-937D-665C27C02A4C}.Debug|Any CPU.ActiveCfg = Debug|Any CPU
		{15E667A4-7D7A-4E56-937D-665C27C02A4C}.Debug|Any CPU.Build.0 = Debug|Any CPU
		{15E667A4-7D7A-4E56-937D-665C27C02A4C}.Release|Any CPU.ActiveCfg = Release|Any CPU
		{15E667A4-7D7A-4E56-937D-665C27C02A4C}.Release|Any CPU.Build.0 = Release|Any CPU
		{72277372-4479-42E8-A0D6-5F4D63A489D3}.Debug|Any CPU.ActiveCfg = Debug|Any CPU
		{72277372-4479-42E8-A0D6-5F4D63A489D3}.Debug|Any CPU.Build.0 = Debug|Any CPU
		{72277372-4479-42E8-A0D6-5F4D63A489D3}.Release|Any CPU.ActiveCfg = Release|Any CPU
		{72277372-4479-42E8-A0D6-5F4D63A489D3}.Release|Any CPU.Build.0 = Release|Any CPU
		{98131B0A-3844-4DFD-8B02-21215C91BBE7}.Debug|Any CPU.ActiveCfg = Debug|Any CPU
		{98131B0A-3844-4DFD-8B02-21215C91BBE7}.Debug|Any CPU.Build.0 = Debug|Any CPU
		{98131B0A-3844-4DFD-8B02-21215C91BBE7}.Release|Any CPU.ActiveCfg = Release|Any CPU
		{98131B0A-3844-4DFD-8B02-21215C91BBE7}.Release|Any CPU.Build.0 = Release|Any CPU
		{BB087DF6-BC29-4B10-A321-C1C820530827}.Debug|Any CPU.ActiveCfg = Debug|Any CPU
		{BB087DF6-BC29-4B10-A321-C1C820530827}.Debug|Any CPU.Build.0 = Debug|Any CPU
		{BB087DF6-BC29-4B10-A321-C1C820530827}.Release|Any CPU.ActiveCfg = Release|Any CPU
		{BB087DF6-BC29-4B10-A321-C1C820530827}.Release|Any CPU.Build.0 = Release|Any CPU
		{DC67E1B0-24C0-4E05-87D3-FCD30B6151EF}.Debug|Any CPU.ActiveCfg = Debug|Any CPU
		{DC67E1B0-24C0-4E05-87D3-FCD30B6151EF}.Debug|Any CPU.Build.0 = Debug|Any CPU
		{DC67E1B0-24C0-4E05-87D3-FCD30B6151EF}.Release|Any CPU.ActiveCfg = Release|Any CPU
		{DC67E1B0-24C0-4E05-87D3-FCD30B6151EF}.Release|Any CPU.Build.0 = Release|Any CPU
	EndGlobalSection
	GlobalSection(SolutionProperties) = preSolution
		HideSolutionNode = FALSE
	EndGlobalSection
	GlobalSection(ExtensibilityGlobals) = postSolution
		SolutionGuid = {1A091907-DD2A-4EDE-BBD0-656183ADE5D0}
	EndGlobalSection
EndGlobal
